
Microsoft Visual Studio Solution File, Format Version 12.00
# Visual Studio 2012
Project("{FAE04EC0-301F-11D3-BF4B-00C04F79EFBC}") = "Comic_Book", "Comic_Book\Comic_Book.csproj", "{950FC721-32A2-4981-A523-24C65F6E94A5}"
EndProject
Global
	GlobalSection(SolutionConfigurationPlatforms) = preSolution
		Debug|Any CPU = Debug|Any CPU
		Release|Any CPU = Release|Any CPU
	EndGlobalSection
	GlobalSection(ProjectConfigurationPlatforms) = postSolution
		{950FC721-32A2-4981-A523-24C65F6E94A5}.Debug|Any CPU.ActiveCfg = Debug|Any CPU
		{950FC721-32A2-4981-A523-24C65F6E94A5}.Debug|Any CPU.Build.0 = Debug|Any CPU
		{950FC721-32A2-4981-A523-24C65F6E94A5}.Release|Any CPU.ActiveCfg = Release|Any CPU
		{950FC721-32A2-4981-A523-24C65F6E94A5}.Release|Any CPU.Build.0 = Release|Any CPU
	EndGlobalSection
EndGlobal
